
Microsoft Visual Studio Solution File, Format Version 12.00
# Visual Studio Version 16
VisualStudioVersion = 16.0.28803.156
MinimumVisualStudioVersion = 10.0.40219.1
Project("{FAE04EC0-301F-11D3-BF4B-00C04F79EFBC}") = "AGIT_TEST", "AGIT_TEST\AGIT_TEST.csproj", "{D69BBCA2-D7E3-43ED-BB35-0DD9E9830FD2}"
EndProject
Global
	GlobalSection(SolutionConfigurationPlatforms) = preSolution
		Debug|Any CPU = Debug|Any CPU
		Release|Any CPU = Release|Any CPU
	EndGlobalSection
	GlobalSection(ProjectConfigurationPlatforms) = postSolution
		{D69BBCA2-D7E3-43ED-BB35-0DD9E9830FD2}.Debug|Any CPU.ActiveCfg = Debug|Any CPU
		{D69BBCA2-D7E3-43ED-BB35-0DD9E9830FD2}.Debug|Any CPU.Build.0 = Debug|Any CPU
		{D69BBCA2-D7E3-43ED-BB35-0DD9E9830FD2}.Release|Any CPU.ActiveCfg = Release|Any CPU
		{D69BBCA2-D7E3-43ED-BB35-0DD9E9830FD2}.Release|Any CPU.Build.0 = Release|Any CPU
	EndGlobalSection
	GlobalSection(SolutionProperties) = preSolution
		HideSolutionNode = FALSE
	EndGlobalSection
	GlobalSection(ExtensibilityGlobals) = postSolution
		SolutionGuid = {2863D86A-9CA3-47B9-9C15-07210B52ED94}
	EndGlobalSection
EndGlobal
